
Microsoft Visual Studio Solution File, Format Version 12.00
# Visual Studio Version 16
VisualStudioVersion = 16.0.30428.66
MinimumVisualStudioVersion = 10.0.40219.1
Project("{9A19103F-16F7-4668-BE54-9A1E7A4F7556}") = "NRTDP.tdReportConverter", "NRTDP.ReportConverter\NRTDP.tdReportConverter.csproj", "{D4DF293D-2827-46C3-8DBA-0C5CBA150775}"
EndProject
Project("{9A19103F-16F7-4668-BE54-9A1E7A4F7556}") = "NRTDP.tdReportConverter.ConsoleApp", "NRTDP.ReportConverter.ConsoleApp\NRTDP.tdReportConverter.ConsoleApp.csproj", "{1020E854-9E7F-433C-8FC7-897FEF3987B3}"
EndProject
Project("{FAE04EC0-301F-11D3-BF4B-00C04F79EFBC}") = "NRTDP.ReportConverter.Tests", "NRTDP.ReportConverter.Tests\NRTDP.ReportConverter.Tests.csproj", "{F3A93093-8036-4F26-9200-08710C129E5B}"
EndProject
Project("{2150E333-8FDC-42A3-9474-1A3956D46DE8}") = "NRTDP.ReportConverter", "NRTDP.ReportConverter", "{F1E8D4E1-6DFD-9588-69B7-DB30F238FA4E}"
EndProject
Global
	GlobalSection(SolutionConfigurationPlatforms) = preSolution
		Debug|Any CPU = Debug|Any CPU
		Debug|x64 = Debug|x64
		Debug|x86 = Debug|x86
		Release|Any CPU = Release|Any CPU
		Release|x64 = Release|x64
		Release|x86 = Release|x86
	EndGlobalSection
	GlobalSection(ProjectConfigurationPlatforms) = postSolution
		{D4DF293D-2827-46C3-8DBA-0C5CBA150775}.Debug|Any CPU.ActiveCfg = Debug|Any CPU
		{D4DF293D-2827-46C3-8DBA-0C5CBA150775}.Debug|Any CPU.Build.0 = Debug|Any CPU
		{D4DF293D-2827-46C3-8DBA-0C5CBA150775}.Debug|x64.ActiveCfg = Debug|Any CPU
		{D4DF293D-2827-46C3-8DBA-0C5CBA150775}.Debug|x64.Build.0 = Debug|Any CPU
		{D4DF293D-2827-46C3-8DBA-0C5CBA150775}.Debug|x86.ActiveCfg = Debug|Any CPU
		{D4DF293D-2827-46C3-8DBA-0C5CBA150775}.Debug|x86.Build.0 = Debug|Any CPU
		{D4DF293D-2827-46C3-8DBA-0C5CBA150775}.Release|Any CPU.ActiveCfg = Release|Any CPU
		{D4DF293D-2827-46C3-8DBA-0C5CBA150775}.Release|Any CPU.Build.0 = Release|Any CPU
		{D4DF293D-2827-46C3-8DBA-0C5CBA150775}.Release|x64.ActiveCfg = Release|Any CPU
		{D4DF293D-2827-46C3-8DBA-0C5CBA150775}.Release|x64.Build.0 = Release|Any CPU
		{D4DF293D-2827-46C3-8DBA-0C5CBA150775}.Release|x86.ActiveCfg = Release|Any CPU
		{D4DF293D-2827-46C3-8DBA-0C5CBA150775}.Release|x86.Build.0 = Release|Any CPU
		{1020E854-9E7F-433C-8FC7-897FEF3987B3}.Debug|Any CPU.ActiveCfg = Debug|Any CPU
		{1020E854-9E7F-433C-8FC7-897FEF3987B3}.Debug|Any CPU.Build.0 = Debug|Any CPU
		{1020E854-9E7F-433C-8FC7-897FEF3987B3}.Debug|x64.ActiveCfg = Debug|Any CPU
		{1020E854-9E7F-433C-8FC7-897FEF3987B3}.Debug|x64.Build.0 = Debug|Any CPU
		{1020E854-9E7F-433C-8FC7-897FEF3987B3}.Debug|x86.ActiveCfg = Debug|Any CPU
		{1020E854-9E7F-433C-8FC7-897FEF3987B3}.Debug|x86.Build.0 = Debug|Any CPU
		{1020E854-9E7F-433C-8FC7-897FEF3987B3}.Release|Any CPU.ActiveCfg = Release|Any CPU
		{1020E854-9E7F-433C-8FC7-897FEF3987B3}.Release|Any CPU.Build.0 = Release|Any CPU
		{1020E854-9E7F-433C-8FC7-897FEF3987B3}.Release|x64.ActiveCfg = Release|Any CPU
		{1020E854-9E7F-433C-8FC7-897FEF3987B3}.Release|x64.Build.0 = Release|Any CPU
		{1020E854-9E7F-433C-8FC7-897FEF3987B3}.Release|x86.ActiveCfg = Release|Any CPU
		{1020E854-9E7F-433C-8FC7-897FEF3987B3}.Release|x86.Build.0 = Release|Any CPU
		{F3A93093-8036-4F26-9200-08710C129E5B}.Debug|Any CPU.ActiveCfg = Debug|Any CPU
		{F3A93093-8036-4F26-9200-08710C129E5B}.Debug|Any CPU.Build.0 = Debug|Any CPU
		{F3A93093-8036-4F26-9200-08710C129E5B}.Debug|x64.ActiveCfg = Debug|Any CPU
		{F3A93093-8036-4F26-9200-08710C129E5B}.Debug|x64.Build.0 = Debug|Any CPU
		{F3A93093-8036-4F26-9200-08710C129E5B}.Debug|x86.ActiveCfg = Debug|Any CPU
		{F3A93093-8036-4F26-9200-08710C129E5B}.Debug|x86.Build.0 = Debug|Any CPU
		{F3A93093-8036-4F26-9200-08710C129E5B}.Release|Any CPU.ActiveCfg = Release|Any CPU
		{F3A93093-8036-4F26-9200-08710C129E5B}.Release|Any CPU.Build.0 = Release|Any CPU
		{F3A93093-8036-4F26-9200-08710C129E5B}.Release|x64.ActiveCfg = Release|Any CPU
		{F3A93093-8036-4F26-9200-08710C129E5B}.Release|x64.Build.0 = Release|Any CPU
		{F3A93093-8036-4F26-9200-08710C129E5B}.Release|x86.ActiveCfg = Release|Any CPU
		{F3A93093-8036-4F26-9200-08710C129E5B}.Release|x86.Build.0 = Release|Any CPU
	EndGlobalSection
	GlobalSection(SolutionProperties) = preSolution
		HideSolutionNode = FALSE
	EndGlobalSection
	GlobalSection(ExtensibilityGlobals) = postSolution
		SolutionGuid = {5D1CD825-D136-4277-A4FF-D3F9814A25EE}
	EndGlobalSection
EndGlobal
